// !$*UTF8*$!
{
	archiveVersion = 1;
	classes = {
	};
	objectVersion = 50;
	objects = {

/* Begin PBXBuildFile section */
		0657D7D579FBE83C4419BF6B /* libPods-ADAPIBaseManager.a in Frameworks */ = {isa = PBXBuildFile; fileRef = 74245AA55A24FD7224FC2E5F /* libPods-ADAPIBaseManager.a */; };
		630832F6232F5E6400562BF2 /* AppDelegate.m in Sources */ = {isa = PBXBuildFile; fileRef = 630832F5232F5E6400562BF2 /* AppDelegate.m */; };
		630832F9232F5E6400562BF2 /* ViewController.m in Sources */ = {isa = PBXBuildFile; fileRef = 630832F8232F5E6400562BF2 /* ViewController.m */; };
		630832FC232F5E6400562BF2 /* Main.storyboard in Resources */ = {isa = PBXBuildFile; fileRef = 630832FA232F5E6400562BF2 /* Main.storyboard */; };
		630832FE232F5E6500562BF2 /* Assets.xcassets in Resources */ = {isa = PBXBuildFile; fileRef = 630832FD232F5E6500562BF2 /* Assets.xcassets */; };
		63083301232F5E6500562BF2 /* LaunchScreen.storyboard in Resources */ = {isa = PBXBuildFile; fileRef = 630832FF232F5E6500562BF2 /* LaunchScreen.storyboard */; };
		63083304232F5E6500562BF2 /* main.m in Sources */ = {isa = PBXBuildFile; fileRef = 63083303232F5E6500562BF2 /* main.m */; };
		6308330E232F5E6500562BF2 /* ADAPIBaseManagerTests.m in Sources */ = {isa = PBXBuildFile; fileRef = 6308330D232F5E6500562BF2 /* ADAPIBaseManagerTests.m */; };
		63083319232F5E6600562BF2 /* ADAPIBaseManagerUITests.m in Sources */ = {isa = PBXBuildFile; fileRef = 63083318232F5E6600562BF2 /* ADAPIBaseManagerUITests.m */; };
		6308332A232F5F2300562BF2 /* ADAPIBaseManager.m in Sources */ = {isa = PBXBuildFile; fileRef = 63083329232F5F2300562BF2 /* ADAPIBaseManager.m */; };
		6308332F232F708B00562BF2 /* ADURLResponse.m in Sources */ = {isa = PBXBuildFile; fileRef = 6308332E232F708B00562BF2 /* ADURLResponse.m */; };
		63083333232F730000562BF2 /* ADCacheCenter.m in Sources */ = {isa = PBXBuildFile; fileRef = 63083332232F730000562BF2 /* ADCacheCenter.m */; };
		63083337232F7F4900562BF2 /* Target_CTAppContext.m in Sources */ = {isa = PBXBuildFile; fileRef = 63083336232F7F4900562BF2 /* Target_CTAppContext.m */; };
		6308333C232F7FB700562BF2 /* CTMediator+ADAppContext.m in Sources */ = {isa = PBXBuildFile; fileRef = 6308333B232F7FB700562BF2 /* CTMediator+ADAppContext.m */; };
		63083341232F8C7300562BF2 /* ADServiceFactory.m in Sources */ = {isa = PBXBuildFile; fileRef = 63083340232F8C7300562BF2 /* ADServiceFactory.m */; };
		63083345232F926C00562BF2 /* NSURLRequest+ADNetworkingMethods.m in Sources */ = {isa = PBXBuildFile; fileRef = 63083344232F926C00562BF2 /* NSURLRequest+ADNetworkingMethods.m */; };
		63083349232F965100562BF2 /* ADApiProxy.m in Sources */ = {isa = PBXBuildFile; fileRef = 63083348232F965100562BF2 /* ADApiProxy.m */; };
		63BCC88423332BD300D3CA5D /* NSObject+ADNetworkingMethods.m in Sources */ = {isa = PBXBuildFile; fileRef = 63BCC88323332BD300D3CA5D /* NSObject+ADNetworkingMethods.m */; };
		63BCC88923335B7F00D3CA5D /* ADMemoryCache.m in Sources */ = {isa = PBXBuildFile; fileRef = 63BCC88823335B7F00D3CA5D /* ADMemoryCache.m */; };
		63BCC88C23335CCB00D3CA5D /* ADDiskCache.m in Sources */ = {isa = PBXBuildFile; fileRef = 63BCC88B23335CCB00D3CA5D /* ADDiskCache.m */; };
		63BCC89023335F8200D3CA5D /* NSDictionary+AXNetworkingMethods.m in Sources */ = {isa = PBXBuildFile; fileRef = 63BCC88F23335F8200D3CA5D /* NSDictionary+AXNetworkingMethods.m */; };
		63BCC8942333613E00D3CA5D /* NSArray+AXNetworkingMethods.m in Sources */ = {isa = PBXBuildFile; fileRef = 63BCC8922333613E00D3CA5D /* NSArray+AXNetworkingMethods.m */; };
		63BCC898233364CD00D3CA5D /* ADMemoryCachedRecord.m in Sources */ = {isa = PBXBuildFile; fileRef = 63BCC897233364CD00D3CA5D /* ADMemoryCachedRecord.m */; };
/* End PBXBuildFile section */

/* Begin PBXContainerItemProxy section */
		6308330A232F5E6500562BF2 /* PBXContainerItemProxy */ = {
			isa = PBXContainerItemProxy;
			containerPortal = 630832E9232F5E6400562BF2 /* Project object */;
			proxyType = 1;
			remoteGlobalIDString = 630832F0232F5E6400562BF2;
			remoteInfo = ADAPIBaseManager;
		};
		63083315232F5E6600562BF2 /* PBXContainerItemProxy */ = {
			isa = PBXContainerItemProxy;
			containerPortal = 630832E9232F5E6400562BF2 /* Project object */;
			proxyType = 1;
			remoteGlobalIDString = 630832F0232F5E6400562BF2;
			remoteInfo = ADAPIBaseManager;
		};
/* End PBXContainerItemProxy section */

/* Begin PBXFileReference section */
		25F40B04A11C723E826AB222 /* Pods-ADAPIBaseManager.debug.xcconfig */ = {isa = PBXFileReference; includeInIndex = 1; lastKnownFileType = text.xcconfig; name = "Pods-ADAPIBaseManager.debug.xcconfig"; path = "Target Support Files/Pods-ADAPIBaseManager/Pods-ADAPIBaseManager.debug.xcconfig"; sourceTree = "<group>"; };
		630832F1232F5E6400562BF2 /* ADAPIBaseManager.app */ = {isa = PBXFileReference; explicitFileType = wrapper.application; includeInIndex = 0; path = ADAPIBaseManager.app; sourceTree = BUILT_PRODUCTS_DIR; };
		630832F4232F5E6400562BF2 /* AppDelegate.h */ = {isa = PBXFileReference; lastKnownFileType = sourcecode.c.h; path = AppDelegate.h; sourceTree = "<group>"; };
		630832F5232F5E6400562BF2 /* AppDelegate.m */ = {isa = PBXFileReference; lastKnownFileType = sourcecode.c.objc; path = AppDelegate.m; sourceTree = "<group>"; };
		630832F7232F5E6400562BF2 /* ViewController.h */ = {isa = PBXFileReference; lastKnownFileType = sourcecode.c.h; path = ViewController.h; sourceTree = "<group>"; };
		630832F8232F5E6400562BF2 /* ViewController.m */ = {isa = PBXFileReference; lastKnownFileType = sourcecode.c.objc; path = ViewController.m; sourceTree = "<group>"; };
		630832FB232F5E6400562BF2 /* Base */ = {isa = PBXFileReference; lastKnownFileType = file.storyboard; name = Base; path = Base.lproj/Main.storyboard; sourceTree = "<group>"; };
		630832FD232F5E6500562BF2 /* Assets.xcassets */ = {isa = PBXFileReference; lastKnownFileType = folder.assetcatalog; path = Assets.xcassets; sourceTree = "<group>"; };
		63083300232F5E6500562BF2 /* Base */ = {isa = PBXFileReference; lastKnownFileType = file.storyboard; name = Base; path = Base.lproj/LaunchScreen.storyboard; sourceTree = "<group>"; };
		63083302232F5E6500562BF2 /* Info.plist */ = {isa = PBXFileReference; lastKnownFileType = text.plist.xml; path = Info.plist; sourceTree = "<group>"; };
		63083303232F5E6500562BF2 /* main.m */ = {isa = PBXFileReference; lastKnownFileType = sourcecode.c.objc; path = main.m; sourceTree = "<group>"; };
		63083309232F5E6500562BF2 /* ADAPIBaseManagerTests.xctest */ = {isa = PBXFileReference; explicitFileType = wrapper.cfbundle; includeInIndex = 0; path = ADAPIBaseManagerTests.xctest; sourceTree = BUILT_PRODUCTS_DIR; };
		6308330D232F5E6500562BF2 /* ADAPIBaseManagerTests.m */ = {isa = PBXFileReference; lastKnownFileType = sourcecode.c.objc; path = ADAPIBaseManagerTests.m; sourceTree = "<group>"; };
		6308330F232F5E6500562BF2 /* Info.plist */ = {isa = PBXFileReference; lastKnownFileType = text.plist.xml; path = Info.plist; sourceTree = "<group>"; };
		63083314232F5E6600562BF2 /* ADAPIBaseManagerUITests.xctest */ = {isa = PBXFileReference; explicitFileType = wrapper.cfbundle; includeInIndex = 0; path = ADAPIBaseManagerUITests.xctest; sourceTree = BUILT_PRODUCTS_DIR; };
		63083318232F5E6600562BF2 /* ADAPIBaseManagerUITests.m */ = {isa = PBXFileReference; lastKnownFileType = sourcecode.c.objc; path = ADAPIBaseManagerUITests.m; sourceTree = "<group>"; };
		6308331A232F5E6600562BF2 /* Info.plist */ = {isa = PBXFileReference; lastKnownFileType = text.plist.xml; path = Info.plist; sourceTree = "<group>"; };
		63083328232F5F2300562BF2 /* ADAPIBaseManager.h */ = {isa = PBXFileReference; lastKnownFileType = sourcecode.c.h; path = ADAPIBaseManager.h; sourceTree = "<group>"; };
		63083329232F5F2300562BF2 /* ADAPIBaseManager.m */ = {isa = PBXFileReference; lastKnownFileType = sourcecode.c.objc; path = ADAPIBaseManager.m; sourceTree = "<group>"; };
		6308332B232F60D100562BF2 /* ADNetworkingDefines.h */ = {isa = PBXFileReference; lastKnownFileType = sourcecode.c.h; path = ADNetworkingDefines.h; sourceTree = "<group>"; };
		6308332D232F708B00562BF2 /* ADURLResponse.h */ = {isa = PBXFileReference; lastKnownFileType = sourcecode.c.h; path = ADURLResponse.h; sourceTree = "<group>"; };
		6308332E232F708B00562BF2 /* ADURLResponse.m */ = {isa = PBXFileReference; lastKnownFileType = sourcecode.c.objc; path = ADURLResponse.m; sourceTree = "<group>"; };
		63083331232F730000562BF2 /* ADCacheCenter.h */ = {isa = PBXFileReference; lastKnownFileType = sourcecode.c.h; path = ADCacheCenter.h; sourceTree = "<group>"; };
		63083332232F730000562BF2 /* ADCacheCenter.m */ = {isa = PBXFileReference; lastKnownFileType = sourcecode.c.objc; path = ADCacheCenter.m; sourceTree = "<group>"; };
		63083335232F7F4900562BF2 /* Target_CTAppContext.h */ = {isa = PBXFileReference; fileEncoding = 4; lastKnownFileType = sourcecode.c.h; path = Target_CTAppContext.h; sourceTree = "<group>"; };
		63083336232F7F4900562BF2 /* Target_CTAppContext.m */ = {isa = PBXFileReference; fileEncoding = 4; lastKnownFileType = sourcecode.c.objc; path = Target_CTAppContext.m; sourceTree = "<group>"; };
		6308333A232F7FB700562BF2 /* CTMediator+ADAppContext.h */ = {isa = PBXFileReference; lastKnownFileType = sourcecode.c.h; path = "CTMediator+ADAppContext.h"; sourceTree = "<group>"; };
		6308333B232F7FB700562BF2 /* CTMediator+ADAppContext.m */ = {isa = PBXFileReference; lastKnownFileType = sourcecode.c.objc; path = "CTMediator+ADAppContext.m"; sourceTree = "<group>"; };
		6308333E232F8A3400562BF2 /* ADServiceProtocol.h */ = {isa = PBXFileReference; lastKnownFileType = sourcecode.c.h; path = ADServiceProtocol.h; sourceTree = "<group>"; };
		6308333F232F8C7300562BF2 /* ADServiceFactory.h */ = {isa = PBXFileReference; lastKnownFileType = sourcecode.c.h; path = ADServiceFactory.h; sourceTree = "<group>"; };
		63083340232F8C7300562BF2 /* ADServiceFactory.m */ = {isa = PBXFileReference; lastKnownFileType = sourcecode.c.objc; path = ADServiceFactory.m; sourceTree = "<group>"; };
		63083343232F926C00562BF2 /* NSURLRequest+ADNetworkingMethods.h */ = {isa = PBXFileReference; lastKnownFileType = sourcecode.c.h; path = "NSURLRequest+ADNetworkingMethods.h"; sourceTree = "<group>"; };
		63083344232F926C00562BF2 /* NSURLRequest+ADNetworkingMethods.m */ = {isa = PBXFileReference; lastKnownFileType = sourcecode.c.objc; path = "NSURLRequest+ADNetworkingMethods.m"; sourceTree = "<group>"; };
		63083347232F965100562BF2 /* ADApiProxy.h */ = {isa = PBXFileReference; lastKnownFileType = sourcecode.c.h; path = ADApiProxy.h; sourceTree = "<group>"; };
		63083348232F965100562BF2 /* ADApiProxy.m */ = {isa = PBXFileReference; lastKnownFileType = sourcecode.c.objc; path = ADApiProxy.m; sourceTree = "<group>"; };
		63BCC88223332BD300D3CA5D /* NSObject+ADNetworkingMethods.h */ = {isa = PBXFileReference; lastKnownFileType = sourcecode.c.h; path = "NSObject+ADNetworkingMethods.h"; sourceTree = "<group>"; };
		63BCC88323332BD300D3CA5D /* NSObject+ADNetworkingMethods.m */ = {isa = PBXFileReference; lastKnownFileType = sourcecode.c.objc; path = "NSObject+ADNetworkingMethods.m"; sourceTree = "<group>"; };
		63BCC88723335B7F00D3CA5D /* ADMemoryCache.h */ = {isa = PBXFileReference; lastKnownFileType = sourcecode.c.h; path = ADMemoryCache.h; sourceTree = "<group>"; };
		63BCC88823335B7F00D3CA5D /* ADMemoryCache.m */ = {isa = PBXFileReference; lastKnownFileType = sourcecode.c.objc; path = ADMemoryCache.m; sourceTree = "<group>"; };
		63BCC88A23335CCB00D3CA5D /* ADDiskCache.h */ = {isa = PBXFileReference; lastKnownFileType = sourcecode.c.h; path = ADDiskCache.h; sourceTree = "<group>"; };
		63BCC88B23335CCB00D3CA5D /* ADDiskCache.m */ = {isa = PBXFileReference; lastKnownFileType = sourcecode.c.objc; path = ADDiskCache.m; sourceTree = "<group>"; };
		63BCC88E23335F8200D3CA5D /* NSDictionary+AXNetworkingMethods.h */ = {isa = PBXFileReference; fileEncoding = 4; lastKnownFileType = sourcecode.c.h; path = "NSDictionary+AXNetworkingMethods.h"; sourceTree = "<group>"; };
		63BCC88F23335F8200D3CA5D /* NSDictionary+AXNetworkingMethods.m */ = {isa = PBXFileReference; fileEncoding = 4; lastKnownFileType = sourcecode.c.objc; path = "NSDictionary+AXNetworkingMethods.m"; sourceTree = "<group>"; };
		63BCC8922333613E00D3CA5D /* NSArray+AXNetworkingMethods.m */ = {isa = PBXFileReference; fileEncoding = 4; lastKnownFileType = sourcecode.c.objc; path = "NSArray+AXNetworkingMethods.m"; sourceTree = "<group>"; };
		63BCC8932333613E00D3CA5D /* NSArray+AXNetworkingMethods.h */ = {isa = PBXFileReference; fileEncoding = 4; lastKnownFileType = sourcecode.c.h; path = "NSArray+AXNetworkingMethods.h"; sourceTree = "<group>"; };
		63BCC896233364CD00D3CA5D /* ADMemoryCachedRecord.h */ = {isa = PBXFileReference; lastKnownFileType = sourcecode.c.h; path = ADMemoryCachedRecord.h; sourceTree = "<group>"; };
		63BCC897233364CD00D3CA5D /* ADMemoryCachedRecord.m */ = {isa = PBXFileReference; lastKnownFileType = sourcecode.c.objc; path = ADMemoryCachedRecord.m; sourceTree = "<group>"; };
		74245AA55A24FD7224FC2E5F /* libPods-ADAPIBaseManager.a */ = {isa = PBXFileReference; explicitFileType = archive.ar; includeInIndex = 0; path = "libPods-ADAPIBaseManager.a"; sourceTree = BUILT_PRODUCTS_DIR; };
		97736AB754ACB636F3FCB003 /* Pods-ADAPIBaseManager.release.xcconfig */ = {isa = PBXFileReference; includeInIndex = 1; lastKnownFileType = text.xcconfig; name = "Pods-ADAPIBaseManager.release.xcconfig"; path = "Target Support Files/Pods-ADAPIBaseManager/Pods-ADAPIBaseManager.release.xcconfig"; sourceTree = "<group>"; };
/* End PBXFileReference section */

/* Begin PBXFrameworksBuildPhase section */
		630832EE232F5E6400562BF2 /* Frameworks */ = {
			isa = PBXFrameworksBuildPhase;
			buildActionMask = 2147483647;
			files = (
				0657D7D579FBE83C4419BF6B /* libPods-ADAPIBaseManager.a in Frameworks */,
			);
			runOnlyForDeploymentPostprocessing = 0;
		};
		63083306232F5E6500562BF2 /* Frameworks */ = {
			isa = PBXFrameworksBuildPhase;
			buildActionMask = 2147483647;
			files = (
			);
			runOnlyForDeploymentPostprocessing = 0;
		};
		63083311232F5E6600562BF2 /* Frameworks */ = {
			isa = PBXFrameworksBuildPhase;
			buildActionMask = 2147483647;
			files = (
			);
			runOnlyForDeploymentPostprocessing = 0;
		};
/* End PBXFrameworksBuildPhase section */

/* Begin PBXGroup section */
		0D919311549A3DB33976BD55 /* Frameworks */ = {
			isa = PBXGroup;
			children = (
				74245AA55A24FD7224FC2E5F /* libPods-ADAPIBaseManager.a */,
			);
			name = Frameworks;
			sourceTree = "<group>";
		};
		630832E8232F5E6400562BF2 = {
			isa = PBXGroup;
			children = (
				630832F3232F5E6400562BF2 /* ADAPIBaseManager */,
				6308330C232F5E6500562BF2 /* ADAPIBaseManagerTests */,
				63083317232F5E6600562BF2 /* ADAPIBaseManagerUITests */,
				630832F2232F5E6400562BF2 /* Products */,
				95328E77E9D9ADD48D98F6DB /* Pods */,
				0D919311549A3DB33976BD55 /* Frameworks */,
			);
			sourceTree = "<group>";
		};
		630832F2232F5E6400562BF2 /* Products */ = {
			isa = PBXGroup;
			children = (
				630832F1232F5E6400562BF2 /* ADAPIBaseManager.app */,
				63083309232F5E6500562BF2 /* ADAPIBaseManagerTests.xctest */,
				63083314232F5E6600562BF2 /* ADAPIBaseManagerUITests.xctest */,
			);
			name = Products;
			sourceTree = "<group>";
		};
		630832F3232F5E6400562BF2 /* ADAPIBaseManager */ = {
			isa = PBXGroup;
			children = (
				63083326232F5EE000562BF2 /* ADNetwoking */,
				630832F4232F5E6400562BF2 /* AppDelegate.h */,
				630832F5232F5E6400562BF2 /* AppDelegate.m */,
				630832F7232F5E6400562BF2 /* ViewController.h */,
				630832F8232F5E6400562BF2 /* ViewController.m */,
				630832FA232F5E6400562BF2 /* Main.storyboard */,
				630832FD232F5E6500562BF2 /* Assets.xcassets */,
				630832FF232F5E6500562BF2 /* LaunchScreen.storyboard */,
				63083302232F5E6500562BF2 /* Info.plist */,
				63083303232F5E6500562BF2 /* main.m */,
			);
			path = ADAPIBaseManager;
			sourceTree = "<group>";
		};
		6308330C232F5E6500562BF2 /* ADAPIBaseManagerTests */ = {
			isa = PBXGroup;
			children = (
				6308330D232F5E6500562BF2 /* ADAPIBaseManagerTests.m */,
				6308330F232F5E6500562BF2 /* Info.plist */,
			);
			path = ADAPIBaseManagerTests;
			sourceTree = "<group>";
		};
		63083317232F5E6600562BF2 /* ADAPIBaseManagerUITests */ = {
			isa = PBXGroup;
			children = (
				63083318232F5E6600562BF2 /* ADAPIBaseManagerUITests.m */,
				6308331A232F5E6600562BF2 /* Info.plist */,
			);
			path = ADAPIBaseManagerUITests;
			sourceTree = "<group>";
		};
		63083326232F5EE000562BF2 /* ADNetwoking */ = {
			isa = PBXGroup;
			children = (
				6308333D232F895A00562BF2 /* Service */,
				63083338232F7F7C00562BF2 /* Categories */,
				63083334232F7F2F00562BF2 /* Demo */,
				63083327232F5EF300562BF2 /* Components */,
				6308332B232F60D100562BF2 /* ADNetworkingDefines.h */,
			);
			path = ADNetwoking;
			sourceTree = "<group>";
		};
		63083327232F5EF300562BF2 /* Components */ = {
			isa = PBXGroup;
			children = (
				63083346232F963900562BF2 /* ApiProxy */,
				63083330232F72E400562BF2 /* Cache */,
				6308332C232F703600562BF2 /* URLReponse */,
				63083328232F5F2300562BF2 /* ADAPIBaseManager.h */,
				63083329232F5F2300562BF2 /* ADAPIBaseManager.m */,
			);
			path = Components;
			sourceTree = "<group>";
		};
		6308332C232F703600562BF2 /* URLReponse */ = {
			isa = PBXGroup;
			children = (
				6308332D232F708B00562BF2 /* ADURLResponse.h */,
				6308332E232F708B00562BF2 /* ADURLResponse.m */,
			);
			path = URLReponse;
			sourceTree = "<group>";
		};
		63083330232F72E400562BF2 /* Cache */ = {
			isa = PBXGroup;
			children = (
				63BCC88523335A8000D3CA5D /* DiskCache */,
				63BCC88623335A8000D3CA5D /* MemoryCache */,
				63083331232F730000562BF2 /* ADCacheCenter.h */,
				63083332232F730000562BF2 /* ADCacheCenter.m */,
			);
			path = Cache;
			sourceTree = "<group>";
		};
		63083334232F7F2F00562BF2 /* Demo */ = {
			isa = PBXGroup;
			children = (
				63083335232F7F4900562BF2 /* Target_CTAppContext.h */,
				63083336232F7F4900562BF2 /* Target_CTAppContext.m */,
			);
			path = Demo;
			sourceTree = "<group>";
		};
		63083338232F7F7C00562BF2 /* Categories */ = {
			isa = PBXGroup;
			children = (
				63BCC8912333612C00D3CA5D /* Array */,
				63BCC88D23335F7900D3CA5D /* Dictionary */,
				63BCC88123332B8300D3CA5D /* NSObject */,
				63083342232F925500562BF2 /* NSURLRequest */,
				63083339232F7FA500562BF2 /* AppContext */,
			);
			path = Categories;
			sourceTree = "<group>";
		};
		63083339232F7FA500562BF2 /* AppContext */ = {
			isa = PBXGroup;
			children = (
				6308333A232F7FB700562BF2 /* CTMediator+ADAppContext.h */,
				6308333B232F7FB700562BF2 /* CTMediator+ADAppContext.m */,
			);
			path = AppContext;
			sourceTree = "<group>";
		};
		6308333D232F895A00562BF2 /* Service */ = {
			isa = PBXGroup;
			children = (
				6308333E232F8A3400562BF2 /* ADServiceProtocol.h */,
				6308333F232F8C7300562BF2 /* ADServiceFactory.h */,
				63083340232F8C7300562BF2 /* ADServiceFactory.m */,
			);
			path = Service;
			sourceTree = "<group>";
		};
		63083342232F925500562BF2 /* NSURLRequest */ = {
			isa = PBXGroup;
			children = (
				63083343232F926C00562BF2 /* NSURLRequest+ADNetworkingMethods.h */,
				63083344232F926C00562BF2 /* NSURLRequest+ADNetworkingMethods.m */,
			);
			path = NSURLRequest;
			sourceTree = "<group>";
		};
		63083346232F963900562BF2 /* ApiProxy */ = {
			isa = PBXGroup;
			children = (
				63083347232F965100562BF2 /* ADApiProxy.h */,
				63083348232F965100562BF2 /* ADApiProxy.m */,
			);
			path = ApiProxy;
			sourceTree = "<group>";
		};
		63BCC88123332B8300D3CA5D /* NSObject */ = {
			isa = PBXGroup;
			children = (
				63BCC88223332BD300D3CA5D /* NSObject+ADNetworkingMethods.h */,
				63BCC88323332BD300D3CA5D /* NSObject+ADNetworkingMethods.m */,
			);
			path = NSObject;
			sourceTree = "<group>";
		};
		63BCC88523335A8000D3CA5D /* DiskCache */ = {
			isa = PBXGroup;
			children = (
				63BCC88A23335CCB00D3CA5D /* ADDiskCache.h */,
				63BCC88B23335CCB00D3CA5D /* ADDiskCache.m */,
			);
			path = DiskCache;
			sourceTree = "<group>";
		};
		63BCC88623335A8000D3CA5D /* MemoryCache */ = {
			isa = PBXGroup;
			children = (
				63BCC8952333649900D3CA5D /* CacheRecord */,
				63BCC88723335B7F00D3CA5D /* ADMemoryCache.h */,
				63BCC88823335B7F00D3CA5D /* ADMemoryCache.m */,
			);
			path = MemoryCache;
			sourceTree = "<group>";
		};
		63BCC88D23335F7900D3CA5D /* Dictionary */ = {
			isa = PBXGroup;
			children = (
				63BCC88E23335F8200D3CA5D /* NSDictionary+AXNetworkingMethods.h */,
				63BCC88F23335F8200D3CA5D /* NSDictionary+AXNetworkingMethods.m */,
			);
			path = Dictionary;
			sourceTree = "<group>";
		};
		63BCC8912333612C00D3CA5D /* Array */ = {
			isa = PBXGroup;
			children = (
				63BCC8932333613E00D3CA5D /* NSArray+AXNetworkingMethods.h */,
				63BCC8922333613E00D3CA5D /* NSArray+AXNetworkingMethods.m */,
			);
			path = Array;
			sourceTree = "<group>";
		};
		63BCC8952333649900D3CA5D /* CacheRecord */ = {
			isa = PBXGroup;
			children = (
				63BCC896233364CD00D3CA5D /* ADMemoryCachedRecord.h */,
				63BCC897233364CD00D3CA5D /* ADMemoryCachedRecord.m */,
			);
			path = CacheRecord;
			sourceTree = "<group>";
		};
		95328E77E9D9ADD48D98F6DB /* Pods */ = {
			isa = PBXGroup;
			children = (
				25F40B04A11C723E826AB222 /* Pods-ADAPIBaseManager.debug.xcconfig */,
				97736AB754ACB636F3FCB003 /* Pods-ADAPIBaseManager.release.xcconfig */,
			);
			path = Pods;
			sourceTree = "<group>";
		};
/* End PBXGroup section */

/* Begin PBXNativeTarget section */
		630832F0232F5E6400562BF2 /* ADAPIBaseManager */ = {
			isa = PBXNativeTarget;
			buildConfigurationList = 6308331D232F5E6600562BF2 /* Build configuration list for PBXNativeTarget "ADAPIBaseManager" */;
			buildPhases = (
				2A4EE73379BAD46B912CDA83 /* [CP] Check Pods Manifest.lock */,
				630832ED232F5E6400562BF2 /* Sources */,
				630832EE232F5E6400562BF2 /* Frameworks */,
				630832EF232F5E6400562BF2 /* Resources */,
			);
			buildRules = (
			);
			dependencies = (
			);
			name = ADAPIBaseManager;
			productName = ADAPIBaseManager;
			productReference = 630832F1232F5E6400562BF2 /* ADAPIBaseManager.app */;
			productType = "com.apple.product-type.application";
		};
		63083308232F5E6500562BF2 /* ADAPIBaseManagerTests */ = {
			isa = PBXNativeTarget;
			buildConfigurationList = 63083320232F5E6600562BF2 /* Build configuration list for PBXNativeTarget "ADAPIBaseManagerTests" */;
			buildPhases = (
				63083305232F5E6500562BF2 /* Sources */,
				63083306232F5E6500562BF2 /* Frameworks */,
				63083307232F5E6500562BF2 /* Resources */,
			);
			buildRules = (
			);
			dependencies = (
				6308330B232F5E6500562BF2 /* PBXTargetDependency */,
			);
			name = ADAPIBaseManagerTests;
			productName = ADAPIBaseManagerTests;
			productReference = 63083309232F5E6500562BF2 /* ADAPIBaseManagerTests.xctest */;
			productType = "com.apple.product-type.bundle.unit-test";
		};
		63083313232F5E6600562BF2 /* ADAPIBaseManagerUITests */ = {
			isa = PBXNativeTarget;
			buildConfigurationList = 63083323232F5E6600562BF2 /* Build configuration list for PBXNativeTarget "ADAPIBaseManagerUITests" */;
			buildPhases = (
				63083310232F5E6600562BF2 /* Sources */,
				63083311232F5E6600562BF2 /* Frameworks */,
				63083312232F5E6600562BF2 /* Resources */,
			);
			buildRules = (
			);
			dependencies = (
				63083316232F5E6600562BF2 /* PBXTargetDependency */,
			);
			name = ADAPIBaseManagerUITests;
			productName = ADAPIBaseManagerUITests;
			productReference = 63083314232F5E6600562BF2 /* ADAPIBaseManagerUITests.xctest */;
			productType = "com.apple.product-type.bundle.ui-testing";
		};
/* End PBXNativeTarget section */

/* Begin PBXProject section */
		630832E9232F5E6400562BF2 /* Project object */ = {
			isa = PBXProject;
			attributes = {
				CLASSPREFIX = AD;
				LastUpgradeCheck = 1000;
				ORGANIZATIONNAME = ADIOS;
				TargetAttributes = {
					630832F0232F5E6400562BF2 = {
						CreatedOnToolsVersion = 10.0;
					};
					63083308232F5E6500562BF2 = {
						CreatedOnToolsVersion = 10.0;
						TestTargetID = 630832F0232F5E6400562BF2;
					};
					63083313232F5E6600562BF2 = {
						CreatedOnToolsVersion = 10.0;
						TestTargetID = 630832F0232F5E6400562BF2;
					};
				};
			};
			buildConfigurationList = 630832EC232F5E6400562BF2 /* Build configuration list for PBXProject "ADAPIBaseManager" */;
			compatibilityVersion = "Xcode 9.3";
			developmentRegion = en;
			hasScannedForEncodings = 0;
			knownRegions = (
				en,
				Base,
			);
			mainGroup = 630832E8232F5E6400562BF2;
			productRefGroup = 630832F2232F5E6400562BF2 /* Products */;
			projectDirPath = "";
			projectRoot = "";
			targets = (
				630832F0232F5E6400562BF2 /* ADAPIBaseManager */,
				63083308232F5E6500562BF2 /* ADAPIBaseManagerTests */,
				63083313232F5E6600562BF2 /* ADAPIBaseManagerUITests */,
			);
		};
/* End PBXProject section */

/* Begin PBXResourcesBuildPhase section */
		630832EF232F5E6400562BF2 /* Resources */ = {
			isa = PBXResourcesBuildPhase;
			buildActionMask = 2147483647;
			files = (
				63083301232F5E6500562BF2 /* LaunchScreen.storyboard in Resources */,
				630832FE232F5E6500562BF2 /* Assets.xcassets in Resources */,
				630832FC232F5E6400562BF2 /* Main.storyboard in Resources */,
			);
			runOnlyForDeploymentPostprocessing = 0;
		};
		63083307232F5E6500562BF2 /* Resources */ = {
			isa = PBXResourcesBuildPhase;
			buildActionMask = 2147483647;
			files = (
			);
			runOnlyForDeploymentPostprocessing = 0;
		};
		63083312232F5E6600562BF2 /* Resources */ = {
			isa = PBXResourcesBuildPhase;
			buildActionMask = 2147483647;
			files = (
			);
			runOnlyForDeploymentPostprocessing = 0;
		};
/* End PBXResourcesBuildPhase section */

/* Begin PBXShellScriptBuildPhase section */
		2A4EE73379BAD46B912CDA83 /* [CP] Check Pods Manifest.lock */ = {
			isa = PBXShellScriptBuildPhase;
			buildActionMask = 2147483647;
			files = (
			);
			inputFileListPaths = (
			);
			inputPaths = (
				"${PODS_PODFILE_DIR_PATH}/Podfile.lock",
				"${PODS_ROOT}/Manifest.lock",
			);
			name = "[CP] Check Pods Manifest.lock";
			outputFileListPaths = (
			);
			outputPaths = (
				"$(DERIVED_FILE_DIR)/Pods-ADAPIBaseManager-checkManifestLockResult.txt",
			);
			runOnlyForDeploymentPostprocessing = 0;
			shellPath = /bin/sh;
			shellScript = "diff \"${PODS_PODFILE_DIR_PATH}/Podfile.lock\" \"${PODS_ROOT}/Manifest.lock\" > /dev/null\nif [ $? != 0 ] ; then\n    # print error to STDERR\n    echo \"error: The sandbox is not in sync with the Podfile.lock. Run 'pod install' or update your CocoaPods installation.\" >&2\n    exit 1\nfi\n# This output is used by Xcode 'outputs' to avoid re-running this script phase.\necho \"SUCCESS\" > \"${SCRIPT_OUTPUT_FILE_0}\"\n";
			showEnvVarsInLog = 0;
		};
/* End PBXShellScriptBuildPhase section */

/* Begin PBXSourcesBuildPhase section */
		630832ED232F5E6400562BF2 /* Sources */ = {
			isa = PBXSourcesBuildPhase;
			buildActionMask = 2147483647;
			files = (
				63083341232F8C7300562BF2 /* ADServiceFactory.m in Sources */,
				63BCC88423332BD300D3CA5D /* NSObject+ADNetworkingMethods.m in Sources */,
				63BCC88923335B7F00D3CA5D /* ADMemoryCache.m in Sources */,
				63083333232F730000562BF2 /* ADCacheCenter.m in Sources */,
				630832F9232F5E6400562BF2 /* ViewController.m in Sources */,
				63083337232F7F4900562BF2 /* Target_CTAppContext.m in Sources */,
				63083304232F5E6500562BF2 /* main.m in Sources */,
				63BCC898233364CD00D3CA5D /* ADMemoryCachedRecord.m in Sources */,
				6308332A232F5F2300562BF2 /* ADAPIBaseManager.m in Sources */,
				63BCC8942333613E00D3CA5D /* NSArray+AXNetworkingMethods.m in Sources */,
				63083349232F965100562BF2 /* ADApiProxy.m in Sources */,
				63083345232F926C00562BF2 /* NSURLRequest+ADNetworkingMethods.m in Sources */,
				63BCC88C23335CCB00D3CA5D /* ADDiskCache.m in Sources */,
				63BCC89023335F8200D3CA5D /* NSDictionary+AXNetworkingMethods.m in Sources */,
				630832F6232F5E6400562BF2 /* AppDelegate.m in Sources */,
				6308333C232F7FB700562BF2 /* CTMediator+ADAppContext.m in Sources */,
				6308332F232F708B00562BF2 /* ADURLResponse.m in Sources */,
			);
			runOnlyForDeploymentPostprocessing = 0;
		};
		63083305232F5E6500562BF2 /* Sources */ = {
			isa = PBXSourcesBuildPhase;
			buildActionMask = 2147483647;
			files = (
				6308330E232F5E6500562BF2 /* ADAPIBaseManagerTests.m in Sources */,
			);
			runOnlyForDeploymentPostprocessing = 0;
		};
		63083310232F5E6600562BF2 /* Sources */ = {
			isa = PBXSourcesBuildPhase;
			buildActionMask = 2147483647;
			files = (
				63083319232F5E6600562BF2 /* ADAPIBaseManagerUITests.m in Sources */,
			);
			runOnlyForDeploymentPostprocessing = 0;
		};
/* End PBXSourcesBuildPhase section */

/* Begin PBXTargetDependency section */
		6308330B232F5E6500562BF2 /* PBXTargetDependency */ = {
			isa = PBXTargetDependency;
			target = 630832F0232F5E6400562BF2 /* ADAPIBaseManager */;
			targetProxy = 6308330A232F5E6500562BF2 /* PBXContainerItemProxy */;
		};
		63083316232F5E6600562BF2 /* PBXTargetDependency */ = {
			isa = PBXTargetDependency;
			target = 630832F0232F5E6400562BF2 /* ADAPIBaseManager */;
			targetProxy = 63083315232F5E6600562BF2 /* PBXContainerItemProxy */;
		};
/* End PBXTargetDependency section */

/* Begin PBXVariantGroup section */
		630832FA232F5E6400562BF2 /* Main.storyboard */ = {
			isa = PBXVariantGroup;
			children = (
				630832FB232F5E6400562BF2 /* Base */,
			);
			name = Main.storyboard;
			sourceTree = "<group>";
		};
		630832FF232F5E6500562BF2 /* LaunchScreen.storyboard */ = {
			isa = PBXVariantGroup;
			children = (
				63083300232F5E6500562BF2 /* Base */,
			);
			name = LaunchScreen.storyboard;
			sourceTree = "<group>";
		};
/* End PBXVariantGroup section */

/* Begin XCBuildConfiguration section */
		6308331B232F5E6600562BF2 /* Debug */ = {
			isa = XCBuildConfiguration;
			buildSettings = {
				ALWAYS_SEARCH_USER_PATHS = NO;
				CLANG_ANALYZER_NONNULL = YES;
				CLANG_ANALYZER_NUMBER_OBJECT_CONVERSION = YES_AGGRESSIVE;
				CLANG_CXX_LANGUAGE_STANDARD = "gnu++14";
				CLANG_CXX_LIBRARY = "libc++";
				CLANG_ENABLE_MODULES = YES;
				CLANG_ENABLE_OBJC_ARC = YES;
				CLANG_ENABLE_OBJC_WEAK = YES;
				CLANG_WARN_BLOCK_CAPTURE_AUTORELEASING = YES;
				CLANG_WARN_BOOL_CONVERSION = YES;
				CLANG_WARN_COMMA = YES;
				CLANG_WARN_CONSTANT_CONVERSION = YES;
				CLANG_WARN_DEPRECATED_OBJC_IMPLEMENTATIONS = YES;
				CLANG_WARN_DIRECT_OBJC_ISA_USAGE = YES_ERROR;
				CLANG_WARN_DOCUMENTATION_COMMENTS = YES;
				CLANG_WARN_EMPTY_BODY = YES;
				CLANG_WARN_ENUM_CONVERSION = YES;
				CLANG_WARN_INFINITE_RECURSION = YES;
				CLANG_WARN_INT_CONVERSION = YES;
				CLANG_WARN_NON_LITERAL_NULL_CONVERSION = YES;
				CLANG_WARN_OBJC_IMPLICIT_RETAIN_SELF = YES;
				CLANG_WARN_OBJC_LITERAL_CONVERSION = YES;
				CLANG_WARN_OBJC_ROOT_CLASS = YES_ERROR;
				CLANG_WARN_RANGE_LOOP_ANALYSIS = YES;
				CLANG_WARN_STRICT_PROTOTYPES = YES;
				CLANG_WARN_SUSPICIOUS_MOVE = YES;
				CLANG_WARN_UNGUARDED_AVAILABILITY = YES_AGGRESSIVE;
				CLANG_WARN_UNREACHABLE_CODE = YES;
				CLANG_WARN__DUPLICATE_METHOD_MATCH = YES;
				CODE_SIGN_IDENTITY = "iPhone Developer";
				COPY_PHASE_STRIP = NO;
				DEBUG_INFORMATION_FORMAT = dwarf;
				ENABLE_STRICT_OBJC_MSGSEND = YES;
				ENABLE_TESTABILITY = YES;
				GCC_C_LANGUAGE_STANDARD = gnu11;
				GCC_DYNAMIC_NO_PIC = NO;
				GCC_NO_COMMON_BLOCKS = YES;
				GCC_OPTIMIZATION_LEVEL = 0;
				GCC_PREPROCESSOR_DEFINITIONS = (
					"DEBUG=1",
					"$(inherited)",
				);
				GCC_WARN_64_TO_32_BIT_CONVERSION = YES;
				GCC_WARN_ABOUT_RETURN_TYPE = YES_ERROR;
				GCC_WARN_UNDECLARED_SELECTOR = YES;
				GCC_WARN_UNINITIALIZED_AUTOS = YES_AGGRESSIVE;
				GCC_WARN_UNUSED_FUNCTION = YES;
				GCC_WARN_UNUSED_VARIABLE = YES;
				IPHONEOS_DEPLOYMENT_TARGET = 12.0;
				MTL_ENABLE_DEBUG_INFO = INCLUDE_SOURCE;
				MTL_FAST_MATH = YES;
				ONLY_ACTIVE_ARCH = YES;
				SDKROOT = iphoneos;
			};
			name = Debug;
		};
		6308331C232F5E6600562BF2 /* Release */ = {
			isa = XCBuildConfiguration;
			buildSettings = {
				ALWAYS_SEARCH_USER_PATHS = NO;
				CLANG_ANALYZER_NONNULL = YES;
				CLANG_ANALYZER_NUMBER_OBJECT_CONVERSION = YES_AGGRESSIVE;
				CLANG_CXX_LANGUAGE_STANDARD = "gnu++14";
				CLANG_CXX_LIBRARY = "libc++";
				CLANG_ENABLE_MODULES = YES;
				CLANG_ENABLE_OBJC_ARC = YES;
				CLANG_ENABLE_OBJC_WEAK = YES;
				CLANG_WARN_BLOCK_CAPTURE_AUTORELEASING = YES;
				CLANG_WARN_BOOL_CONVERSION = YES;
				CLANG_WARN_COMMA = YES;
				CLANG_WARN_CONSTANT_CONVERSION = YES;
				CLANG_WARN_DEPRECATED_OBJC_IMPLEMENTATIONS = YES;
				CLANG_WARN_DIRECT_OBJC_ISA_USAGE = YES_ERROR;
				CLANG_WARN_DOCUMENTATION_COMMENTS = YES;
				CLANG_WARN_EMPTY_BODY = YES;
				CLANG_WARN_ENUM_CONVERSION = YES;
				CLANG_WARN_INFINITE_RECURSION = YES;
				CLANG_WARN_INT_CONVERSION = YES;
				CLANG_WARN_NON_LITERAL_NULL_CONVERSION = YES;
				CLANG_WARN_OBJC_IMPLICIT_RETAIN_SELF = YES;
				CLANG_WARN_OBJC_LITERAL_CONVERSION = YES;
				CLANG_WARN_OBJC_ROOT_CLASS = YES_ERROR;
				CLANG_WARN_RANGE_LOOP_ANALYSIS = YES;
				CLANG_WARN_STRICT_PROTOTYPES = YES;
				CLANG_WARN_SUSPICIOUS_MOVE = YES;
				CLANG_WARN_UNGUARDED_AVAILABILITY = YES_AGGRESSIVE;
				CLANG_WARN_UNREACHABLE_CODE = YES;
				CLANG_WARN__DUPLICATE_METHOD_MATCH = YES;
				CODE_SIGN_IDENTITY = "iPhone Developer";
				COPY_PHASE_STRIP = NO;
				DEBUG_INFORMATION_FORMAT = "dwarf-with-dsym";
				ENABLE_NS_ASSERTIONS = NO;
				ENABLE_STRICT_OBJC_MSGSEND = YES;
				GCC_C_LANGUAGE_STANDARD = gnu11;
				GCC_NO_COMMON_BLOCKS = YES;
				GCC_WARN_64_TO_32_BIT_CONVERSION = YES;
				GCC_WARN_ABOUT_RETURN_TYPE = YES_ERROR;
				GCC_WARN_UNDECLARED_SELECTOR = YES;
				GCC_WARN_UNINITIALIZED_AUTOS = YES_AGGRESSIVE;
				GCC_WARN_UNUSED_FUNCTION = YES;
				GCC_WARN_UNUSED_VARIABLE = YES;
				IPHONEOS_DEPLOYMENT_TARGET = 12.0;
				MTL_ENABLE_DEBUG_INFO = NO;
				MTL_FAST_MATH = YES;
				SDKROOT = iphoneos;
				VALIDATE_PRODUCT = YES;
			};
			name = Release;
		};
		6308331E232F5E6600562BF2 /* Debug */ = {
			isa = XCBuildConfiguration;
			baseConfigurationReference = 25F40B04A11C723E826AB222 /* Pods-ADAPIBaseManager.debug.xcconfig */;
			buildSettings = {
				ASSETCATALOG_COMPILER_APPICON_NAME = AppIcon;
				CODE_SIGN_STYLE = Automatic;
				INFOPLIST_FILE = ADAPIBaseManager/Info.plist;
				LD_RUNPATH_SEARCH_PATHS = (
					"$(inherited)",
					"@executable_path/Frameworks",
				);
				PRODUCT_BUNDLE_IDENTIFIER = com.why.ADAPIBaseManager;
				PRODUCT_NAME = "$(TARGET_NAME)";
				TARGETED_DEVICE_FAMILY = "1,2";
			};
			name = Debug;
		};
		6308331F232F5E6600562BF2 /* Release */ = {
			isa = XCBuildConfiguration;
			baseConfigurationReference = 97736AB754ACB636F3FCB003 /* Pods-ADAPIBaseManager.release.xcconfig */;
			buildSettings = {
				ASSETCATALOG_COMPILER_APPICON_NAME = AppIcon;
				CODE_SIGN_STYLE = Automatic;
				INFOPLIST_FILE = ADAPIBaseManager/Info.plist;
				LD_RUNPATH_SEARCH_PATHS = (
					"$(inherited)",
					"@executable_path/Frameworks",
				);
				PRODUCT_BUNDLE_IDENTIFIER = com.why.ADAPIBaseManager;
				PRODUCT_NAME = "$(TARGET_NAME)";
				TARGETED_DEVICE_FAMILY = "1,2";
			};
			name = Release;
		};
		63083321232F5E6600562BF2 /* Debug */ = {
			isa = XCBuildConfiguration;
			buildSettings = {
				BUNDLE_LOADER = "$(TEST_HOST)";
				CODE_SIGN_STYLE = Automatic;
				INFOPLIST_FILE = ADAPIBaseManagerTests/Info.plist;
				LD_RUNPATH_SEARCH_PATHS = (
					"$(inherited)",
					"@executable_path/Frameworks",
					"@loader_path/Frameworks",
				);
				PRODUCT_BUNDLE_IDENTIFIER = com.why.ADAPIBaseManagerTests;
				PRODUCT_NAME = "$(TARGET_NAME)";
				TARGETED_DEVICE_FAMILY = "1,2";
				TEST_HOST = "$(BUILT_PRODUCTS_DIR)/ADAPIBaseManager.app/ADAPIBaseManager";
			};
			name = Debug;
		};
		63083322232F5E6600562BF2 /* Release */ = {
			isa = XCBuildConfiguration;
			buildSettings = {
				BUNDLE_LOADER = "$(TEST_HOST)";
				CODE_SIGN_STYLE = Automatic;
				INFOPLIST_FILE = ADAPIBaseManagerTests/Info.plist;
				LD_RUNPATH_SEARCH_PATHS = (
					"$(inherited)",
					"@executable_path/Frameworks",
					"@loader_path/Frameworks",
				);
				PRODUCT_BUNDLE_IDENTIFIER = com.why.ADAPIBaseManagerTests;
				PRODUCT_NAME = "$(TARGET_NAME)";
				TARGETED_DEVICE_FAMILY = "1,2";
				TEST_HOST = "$(BUILT_PRODUCTS_DIR)/ADAPIBaseManager.app/ADAPIBaseManager";
			};
			name = Release;
		};
		63083324232F5E6600562BF2 /* Debug */ = {
			isa = XCBuildConfiguration;
			buildSettings = {
				CODE_SIGN_STYLE = Automatic;
				INFOPLIST_FILE = ADAPIBaseManagerUITests/Info.plist;
				LD_RUNPATH_SEARCH_PATHS = (
					"$(inherited)",
					"@executable_path/Frameworks",
					"@loader_path/Frameworks",
				);
				PRODUCT_BUNDLE_IDENTIFIER = com.why.ADAPIBaseManagerUITests;
				PRODUCT_NAME = "$(TARGET_NAME)";
				TARGETED_DEVICE_FAMILY = "1,2";
				TEST_TARGET_NAME = ADAPIBaseManager;
			};
			name = Debug;
		};
		63083325232F5E6600562BF2 /* Release */ = {
			isa = XCBuildConfiguration;
			buildSettings = {
				CODE_SIGN_STYLE = Automatic;
				INFOPLIST_FILE = ADAPIBaseManagerUITests/Info.plist;
				LD_RUNPATH_SEARCH_PATHS = (
					"$(inherited)",
					"@executable_path/Frameworks",
					"@loader_path/Frameworks",
				);
				PRODUCT_BUNDLE_IDENTIFIER = com.why.ADAPIBaseManagerUITests;
				PRODUCT_NAME = "$(TARGET_NAME)";
				TARGETED_DEVICE_FAMILY = "1,2";
				TEST_TARGET_NAME = ADAPIBaseManager;
			};
			name = Release;
		};
/* End XCBuildConfiguration section */

/* Begin XCConfigurationList section */
		630832EC232F5E6400562BF2 /* Build configuration list for PBXProject "ADAPIBaseManager" */ = {
			isa = XCConfigurationList;
			buildConfigurations = (
				6308331B232F5E6600562BF2 /* Debug */,
				6308331C232F5E6600562BF2 /* Release */,
			);
			defaultConfigurationIsVisible = 0;
			defaultConfigurationName = Release;
		};
		6308331D232F5E6600562BF2 /* Build configuration list for PBXNativeTarget "ADAPIBaseManager" */ = {
			isa = XCConfigurationList;
			buildConfigurations = (
				6308331E232F5E6600562BF2 /* Debug */,
				6308331F232F5E6600562BF2 /* Release */,
			);
			defaultConfigurationIsVisible = 0;
			defaultConfigurationName = Release;
		};
		63083320232F5E6600562BF2 /* Build configuration list for PBXNativeTarget "ADAPIBaseManagerTests" */ = {
			isa = XCConfigurationList;
			buildConfigurations = (
				63083321232F5E6600562BF2 /* Debug */,
				63083322232F5E6600562BF2 /* Release */,
			);
			defaultConfigurationIsVisible = 0;
			defaultConfigurationName = Release;
		};
		63083323232F5E6600562BF2 /* Build configuration list for PBXNativeTarget "ADAPIBaseManagerUITests" */ = {
			isa = XCConfigurationList;
			buildConfigurations = (
				63083324232F5E6600562BF2 /* Debug */,
				63083325232F5E6600562BF2 /* Release */,
			);
			defaultConfigurationIsVisible = 0;
			defaultConfigurationName = Release;
		};
/* End XCConfigurationList section */
	};
	rootObject = 630832E9232F5E6400562BF2 /* Project object */;
}
